
Microsoft Visual Studio Solution File, Format Version 12.00
# Visual Studio Version 17
VisualStudioVersion = 17.9.34622.214
MinimumVisualStudioVersion = 10.0.40219.1
Project("{8BC9CEB8-8B4A-11D0-8D11-00A0C91BC942}") = "TongBangK", "TongBangK\TongBangK.vcxproj", "{05F91261-767D-4714-9D6C-199B76CCC53B}"
EndProject
Global
	GlobalSection(SolutionConfigurationPlatforms) = preSolution
		Debug|x64 = Debug|x64
		Debug|x86 = Debug|x86
		Release|x64 = Release|x64
		Release|x86 = Release|x86
	EndGlobalSection
	GlobalSection(ProjectConfigurationPlatforms) = postSolution
		{05F91261-767D-4714-9D6C-199B76CCC53B}.Debug|x64.ActiveCfg = Debug|x64
		{05F91261-767D-4714-9D6C-199B76CCC53B}.Debug|x64.Build.0 = Debug|x64
		{05F91261-767D-4714-9D6C-199B76CCC53B}.Debug|x86.ActiveCfg = Debug|Win32
		{05F91261-767D-4714-9D6C-199B76CCC53B}.Debug|x86.Build.0 = Debug|Win32
		{05F91261-767D-4714-9D6C-199B76CCC53B}.Release|x64.ActiveCfg = Release|x64
		{05F91261-767D-4714-9D6C-199B76CCC53B}.Release|x64.Build.0 = Release|x64
		{05F91261-767D-4714-9D6C-199B76CCC53B}.Release|x86.ActiveCfg = Release|Win32
		{05F91261-767D-4714-9D6C-199B76CCC53B}.Release|x86.Build.0 = Release|Win32
	EndGlobalSection
	GlobalSection(SolutionProperties) = preSolution
		HideSolutionNode = FALSE
	EndGlobalSection
	GlobalSection(ExtensibilityGlobals) = postSolution
		SolutionGuid = {21ADB8FC-EAA1-47B2-BFF5-A4EDEB2929E3}
	EndGlobalSection
EndGlobal
