
Microsoft Visual Studio Solution File, Format Version 12.00
# Visual Studio Version 17
VisualStudioVersion = 17.9.34622.214
MinimumVisualStudioVersion = 10.0.40219.1
Project("{8BC9CEB8-8B4A-11D0-8D11-00A0C91BC942}") = "ChargePercentage", "ChargePercentage\ChargePercentage.vcxproj", "{ACECC794-6EC3-4480-83D8-44A2D8E9FDD0}"
EndProject
Global
	GlobalSection(SolutionConfigurationPlatforms) = preSolution
		Debug|x64 = Debug|x64
		Debug|x86 = Debug|x86
		Release|x64 = Release|x64
		Release|x86 = Release|x86
	EndGlobalSection
	GlobalSection(ProjectConfigurationPlatforms) = postSolution
		{ACECC794-6EC3-4480-83D8-44A2D8E9FDD0}.Debug|x64.ActiveCfg = Debug|x64
		{ACECC794-6EC3-4480-83D8-44A2D8E9FDD0}.Debug|x64.Build.0 = Debug|x64
		{ACECC794-6EC3-4480-83D8-44A2D8E9FDD0}.Debug|x86.ActiveCfg = Debug|Win32
		{ACECC794-6EC3-4480-83D8-44A2D8E9FDD0}.Debug|x86.Build.0 = Debug|Win32
		{ACECC794-6EC3-4480-83D8-44A2D8E9FDD0}.Release|x64.ActiveCfg = Release|x64
		{ACECC794-6EC3-4480-83D8-44A2D8E9FDD0}.Release|x64.Build.0 = Release|x64
		{ACECC794-6EC3-4480-83D8-44A2D8E9FDD0}.Release|x86.ActiveCfg = Release|Win32
		{ACECC794-6EC3-4480-83D8-44A2D8E9FDD0}.Release|x86.Build.0 = Release|Win32
	EndGlobalSection
	GlobalSection(SolutionProperties) = preSolution
		HideSolutionNode = FALSE
	EndGlobalSection
	GlobalSection(ExtensibilityGlobals) = postSolution
		SolutionGuid = {722CB7AC-D827-41DE-8C05-C985D7092AEF}
	EndGlobalSection
EndGlobal
